// !$*UTF8*$!
{
	archiveVersion = 1;
	classes = {
	};
	objectVersion = 55;
	objects = {

/* Begin PBXBuildFile section */
		833C58B1281A99D600F7909F /* UrlSessionProvider.swift in Sources */ = {isa = PBXBuildFile; fileRef = 833C58B0281A99D600F7909F /* UrlSessionProvider.swift */; };
		8350D88B28005A9F001C01B7 /* Localizable.strings in Resources */ = {isa = PBXBuildFile; fileRef = 8350D88928005A9F001C01B7 /* Localizable.strings */; };
		8350D88D280077F5001C01B7 /* TypeAliases.swift in Sources */ = {isa = PBXBuildFile; fileRef = 8350D88C280077F5001C01B7 /* TypeAliases.swift */; };
		838C4C8D27F6FE130009028D /* MovieDetailsViewController.swift in Sources */ = {isa = PBXBuildFile; fileRef = 838C4C8C27F6FE130009028D /* MovieDetailsViewController.swift */; };
		83935B5327F77E6B00E42435 /* PagedResponse.swift in Sources */ = {isa = PBXBuildFile; fileRef = 83935B5227F77E6B00E42435 /* PagedResponse.swift */; };
		83935B5527F77E9500E42435 /* Movie.swift in Sources */ = {isa = PBXBuildFile; fileRef = 83935B5427F77E9500E42435 /* Movie.swift */; };
		83935B5827F789AD00E42435 /* TheMovieDbApiClient.swift in Sources */ = {isa = PBXBuildFile; fileRef = 83935B5727F789AD00E42435 /* TheMovieDbApiClient.swift */; };
		83935B5A27F796AE00E42435 /* TheMovieDbUrlBuilder.swift in Sources */ = {isa = PBXBuildFile; fileRef = 83935B5927F796AE00E42435 /* TheMovieDbUrlBuilder.swift */; };
		83935B5C27F7985200E42435 /* AppSettings.swift in Sources */ = {isa = PBXBuildFile; fileRef = 83935B5B27F7985200E42435 /* AppSettings.swift */; };
		83935B5F27F799B300E42435 /* UrlBuilderProtocol.swift in Sources */ = {isa = PBXBuildFile; fileRef = 83935B5E27F799B300E42435 /* UrlBuilderProtocol.swift */; };
		8398211127C6C2DD002451CE /* AppDelegate.swift in Sources */ = {isa = PBXBuildFile; fileRef = 8398211027C6C2DD002451CE /* AppDelegate.swift */; };
		8398211327C6C2DD002451CE /* SceneDelegate.swift in Sources */ = {isa = PBXBuildFile; fileRef = 8398211227C6C2DD002451CE /* SceneDelegate.swift */; };
		8398211827C6C2DD002451CE /* Main.storyboard in Resources */ = {isa = PBXBuildFile; fileRef = 8398211627C6C2DD002451CE /* Main.storyboard */; };
		8398211A27C6C2E9002451CE /* Assets.xcassets in Resources */ = {isa = PBXBuildFile; fileRef = 8398211927C6C2E9002451CE /* Assets.xcassets */; };
		8398211D27C6C2E9002451CE /* LaunchScreen.storyboard in Resources */ = {isa = PBXBuildFile; fileRef = 8398211B27C6C2E9002451CE /* LaunchScreen.storyboard */; };
		8398212527C773BD002451CE /* MoviesTableViewController.swift in Sources */ = {isa = PBXBuildFile; fileRef = 8398212427C773BD002451CE /* MoviesTableViewController.swift */; };
		839902E72809751500D66402 /* NetworkRequestError.swift in Sources */ = {isa = PBXBuildFile; fileRef = 839902E62809751500D66402 /* NetworkRequestError.swift */; };
		83B0333A27FF6B7F0005009A /* PopularMoviesUrlBuilder.swift in Sources */ = {isa = PBXBuildFile; fileRef = 83B0333927FF6B7F0005009A /* PopularMoviesUrlBuilder.swift */; };
/* End PBXBuildFile section */

/* Begin PBXFileReference section */
		833C58B0281A99D600F7909F /* UrlSessionProvider.swift */ = {isa = PBXFileReference; lastKnownFileType = sourcecode.swift; path = UrlSessionProvider.swift; sourceTree = "<group>"; };
		8350D88A28005A9F001C01B7 /* Base */ = {isa = PBXFileReference; lastKnownFileType = text.plist.strings; name = Base; path = Base.lproj/Localizable.strings; sourceTree = "<group>"; };
		8350D88C280077F5001C01B7 /* TypeAliases.swift */ = {isa = PBXFileReference; lastKnownFileType = sourcecode.swift; path = TypeAliases.swift; sourceTree = "<group>"; };
		838C4C8C27F6FE130009028D /* MovieDetailsViewController.swift */ = {isa = PBXFileReference; lastKnownFileType = sourcecode.swift; path = MovieDetailsViewController.swift; sourceTree = "<group>"; };
		83935B5227F77E6B00E42435 /* PagedResponse.swift */ = {isa = PBXFileReference; lastKnownFileType = sourcecode.swift; path = PagedResponse.swift; sourceTree = "<group>"; };
		83935B5427F77E9500E42435 /* Movie.swift */ = {isa = PBXFileReference; lastKnownFileType = sourcecode.swift; path = Movie.swift; sourceTree = "<group>"; };
		83935B5727F789AD00E42435 /* TheMovieDbApiClient.swift */ = {isa = PBXFileReference; lastKnownFileType = sourcecode.swift; path = TheMovieDbApiClient.swift; sourceTree = "<group>"; };
		83935B5927F796AE00E42435 /* TheMovieDbUrlBuilder.swift */ = {isa = PBXFileReference; lastKnownFileType = sourcecode.swift; path = TheMovieDbUrlBuilder.swift; sourceTree = "<group>"; };
		83935B5B27F7985200E42435 /* AppSettings.swift */ = {isa = PBXFileReference; lastKnownFileType = sourcecode.swift; path = AppSettings.swift; sourceTree = "<group>"; };
		83935B5E27F799B300E42435 /* UrlBuilderProtocol.swift */ = {isa = PBXFileReference; lastKnownFileType = sourcecode.swift; path = UrlBuilderProtocol.swift; sourceTree = "<group>"; };
		8398210D27C6C2DD002451CE /* OpenTmdb.app */ = {isa = PBXFileReference; explicitFileType = wrapper.application; includeInIndex = 0; path = OpenTmdb.app; sourceTree = BUILT_PRODUCTS_DIR; };
		8398211027C6C2DD002451CE /* AppDelegate.swift */ = {isa = PBXFileReference; lastKnownFileType = sourcecode.swift; path = AppDelegate.swift; sourceTree = "<group>"; };
		8398211227C6C2DD002451CE /* SceneDelegate.swift */ = {isa = PBXFileReference; lastKnownFileType = sourcecode.swift; path = SceneDelegate.swift; sourceTree = "<group>"; };
		8398211727C6C2DD002451CE /* Base */ = {isa = PBXFileReference; lastKnownFileType = file.storyboard; name = Base; path = Base.lproj/Main.storyboard; sourceTree = "<group>"; };
		8398211927C6C2E9002451CE /* Assets.xcassets */ = {isa = PBXFileReference; lastKnownFileType = folder.assetcatalog; path = Assets.xcassets; sourceTree = "<group>"; };
		8398211C27C6C2E9002451CE /* Base */ = {isa = PBXFileReference; lastKnownFileType = file.storyboard; name = Base; path = Base.lproj/LaunchScreen.storyboard; sourceTree = "<group>"; };
		8398211E27C6C2E9002451CE /* Info.plist */ = {isa = PBXFileReference; lastKnownFileType = text.plist.xml; path = Info.plist; sourceTree = "<group>"; };
		8398212427C773BD002451CE /* MoviesTableViewController.swift */ = {isa = PBXFileReference; lastKnownFileType = sourcecode.swift; path = MoviesTableViewController.swift; sourceTree = "<group>"; };
		839902E62809751500D66402 /* NetworkRequestError.swift */ = {isa = PBXFileReference; lastKnownFileType = sourcecode.swift; path = NetworkRequestError.swift; sourceTree = "<group>"; };
		83B0333927FF6B7F0005009A /* PopularMoviesUrlBuilder.swift */ = {isa = PBXFileReference; lastKnownFileType = sourcecode.swift; path = PopularMoviesUrlBuilder.swift; sourceTree = "<group>"; };
/* End PBXFileReference section */

/* Begin PBXFrameworksBuildPhase section */
		8398210A27C6C2DD002451CE /* Frameworks */ = {
			isa = PBXFrameworksBuildPhase;
			buildActionMask = 2147483647;
			files = (
			);
			runOnlyForDeploymentPostprocessing = 0;
		};
/* End PBXFrameworksBuildPhase section */

/* Begin PBXGroup section */
		83935B5627F77EE800E42435 /* Models */ = {
			isa = PBXGroup;
			children = (
				83935B5427F77E9500E42435 /* Movie.swift */,
				83935B5227F77E6B00E42435 /* PagedResponse.swift */,
			);
			path = Models;
			sourceTree = "<group>";
		};
		83935B5D27F7997F00E42435 /* Builders */ = {
			isa = PBXGroup;
			children = (
				83935B5927F796AE00E42435 /* TheMovieDbUrlBuilder.swift */,
				83935B5E27F799B300E42435 /* UrlBuilderProtocol.swift */,
				83B0333927FF6B7F0005009A /* PopularMoviesUrlBuilder.swift */,
			);
			path = Builders;
			sourceTree = "<group>";
		};
		8398210427C6C2DD002451CE = {
			isa = PBXGroup;
			children = (
				8398210F27C6C2DD002451CE /* OpenTmdb */,
				8398210E27C6C2DD002451CE /* Products */,
			);
			sourceTree = "<group>";
		};
		8398210E27C6C2DD002451CE /* Products */ = {
			isa = PBXGroup;
			children = (
				8398210D27C6C2DD002451CE /* OpenTmdb.app */,
			);
			name = Products;
			sourceTree = "<group>";
		};
		8398210F27C6C2DD002451CE /* OpenTmdb */ = {
			isa = PBXGroup;
			children = (
				839902E5280974AF00D66402 /* Errors */,
				83935B5D27F7997F00E42435 /* Builders */,
				83935B5627F77EE800E42435 /* Models */,
				8398211027C6C2DD002451CE /* AppDelegate.swift */,
				8398211227C6C2DD002451CE /* SceneDelegate.swift */,
				8398211627C6C2DD002451CE /* Main.storyboard */,
				8398212427C773BD002451CE /* MoviesTableViewController.swift */,
				8398211927C6C2E9002451CE /* Assets.xcassets */,
				8398211B27C6C2E9002451CE /* LaunchScreen.storyboard */,
				8398211E27C6C2E9002451CE /* Info.plist */,
				838C4C8C27F6FE130009028D /* MovieDetailsViewController.swift */,
				83935B5727F789AD00E42435 /* TheMovieDbApiClient.swift */,
				83935B5B27F7985200E42435 /* AppSettings.swift */,
				8350D88928005A9F001C01B7 /* Localizable.strings */,
				8350D88C280077F5001C01B7 /* TypeAliases.swift */,
				833C58B0281A99D600F7909F /* UrlSessionProvider.swift */,
			);
			path = OpenTmdb;
			sourceTree = "<group>";
		};
		839902E5280974AF00D66402 /* Errors */ = {
			isa = PBXGroup;
			children = (
				839902E62809751500D66402 /* NetworkRequestError.swift */,
			);
			path = Errors;
			sourceTree = "<group>";
		};
/* End PBXGroup section */

/* Begin PBXNativeTarget section */
		8398210C27C6C2DD002451CE /* OpenTmdb */ = {
			isa = PBXNativeTarget;
			buildConfigurationList = 8398212127C6C2E9002451CE /* Build configuration list for PBXNativeTarget "OpenTmdb" */;
			buildPhases = (
				8398210927C6C2DD002451CE /* Sources */,
				8398210A27C6C2DD002451CE /* Frameworks */,
				8398210B27C6C2DD002451CE /* Resources */,
			);
			buildRules = (
			);
			dependencies = (
			);
			name = OpenTmdb;
			productName = OpenTmdb;
			productReference = 8398210D27C6C2DD002451CE /* OpenTmdb.app */;
			productType = "com.apple.product-type.application";
		};
/* End PBXNativeTarget section */

/* Begin PBXProject section */
		8398210527C6C2DD002451CE /* Project object */ = {
			isa = PBXProject;
			attributes = {
				BuildIndependentTargetsInParallel = 1;
				LastSwiftUpdateCheck = 1320;
				LastUpgradeCheck = 1320;
				TargetAttributes = {
					8398210C27C6C2DD002451CE = {
						CreatedOnToolsVersion = 13.2.1;
					};
				};
			};
			buildConfigurationList = 8398210827C6C2DD002451CE /* Build configuration list for PBXProject "OpenTmdb" */;
			compatibilityVersion = "Xcode 13.0";
			developmentRegion = en;
			hasScannedForEncodings = 0;
			knownRegions = (
				en,
				Base,
			);
			mainGroup = 8398210427C6C2DD002451CE;
			productRefGroup = 8398210E27C6C2DD002451CE /* Products */;
			projectDirPath = "";
			projectRoot = "";
			targets = (
				8398210C27C6C2DD002451CE /* OpenTmdb */,
			);
		};
/* End PBXProject section */

/* Begin PBXResourcesBuildPhase section */
		8398210B27C6C2DD002451CE /* Resources */ = {
			isa = PBXResourcesBuildPhase;
			buildActionMask = 2147483647;
			files = (
				8398211D27C6C2E9002451CE /* LaunchScreen.storyboard in Resources */,
				8350D88B28005A9F001C01B7 /* Localizable.strings in Resources */,
				8398211A27C6C2E9002451CE /* Assets.xcassets in Resources */,
				8398211827C6C2DD002451CE /* Main.storyboard in Resources */,
			);
			runOnlyForDeploymentPostprocessing = 0;
		};
/* End PBXResourcesBuildPhase section */

/* Begin PBXSourcesBuildPhase section */
		8398210927C6C2DD002451CE /* Sources */ = {
			isa = PBXSourcesBuildPhase;
			buildActionMask = 2147483647;
			files = (
				838C4C8D27F6FE130009028D /* MovieDetailsViewController.swift in Sources */,
				839902E72809751500D66402 /* NetworkRequestError.swift in Sources */,
				833C58B1281A99D600F7909F /* UrlSessionProvider.swift in Sources */,
				83B0333A27FF6B7F0005009A /* PopularMoviesUrlBuilder.swift in Sources */,
				8350D88D280077F5001C01B7 /* TypeAliases.swift in Sources */,
				83935B5327F77E6B00E42435 /* PagedResponse.swift in Sources */,
				83935B5827F789AD00E42435 /* TheMovieDbApiClient.swift in Sources */,
				83935B5527F77E9500E42435 /* Movie.swift in Sources */,
				8398212527C773BD002451CE /* MoviesTableViewController.swift in Sources */,
				83935B5C27F7985200E42435 /* AppSettings.swift in Sources */,
				8398211127C6C2DD002451CE /* AppDelegate.swift in Sources */,
				83935B5F27F799B300E42435 /* UrlBuilderProtocol.swift in Sources */,
				83935B5A27F796AE00E42435 /* TheMovieDbUrlBuilder.swift in Sources */,
				8398211327C6C2DD002451CE /* SceneDelegate.swift in Sources */,
			);
			runOnlyForDeploymentPostprocessing = 0;
		};
/* End PBXSourcesBuildPhase section */

/* Begin PBXVariantGroup section */
		8350D88928005A9F001C01B7 /* Localizable.strings */ = {
			isa = PBXVariantGroup;
			children = (
				8350D88A28005A9F001C01B7 /* Base */,
			);
			name = Localizable.strings;
			sourceTree = "<group>";
		};
		8398211627C6C2DD002451CE /* Main.storyboard */ = {
			isa = PBXVariantGroup;
			children = (
				8398211727C6C2DD002451CE /* Base */,
			);
			name = Main.storyboard;
			sourceTree = "<group>";
		};
		8398211B27C6C2E9002451CE /* LaunchScreen.storyboard */ = {
			isa = PBXVariantGroup;
			children = (
				8398211C27C6C2E9002451CE /* Base */,
			);
			name = LaunchScreen.storyboard;
			sourceTree = "<group>";
		};
/* End PBXVariantGroup section */

/* Begin XCBuildConfiguration section */
		8398211F27C6C2E9002451CE /* Debug */ = {
			isa = XCBuildConfiguration;
			buildSettings = {
				ALWAYS_SEARCH_USER_PATHS = NO;
				CLANG_ANALYZER_NONNULL = YES;
				CLANG_ANALYZER_NUMBER_OBJECT_CONVERSION = YES_AGGRESSIVE;
				CLANG_CXX_LANGUAGE_STANDARD = "gnu++17";
				CLANG_CXX_LIBRARY = "libc++";
				CLANG_ENABLE_MODULES = YES;
				CLANG_ENABLE_OBJC_ARC = YES;
				CLANG_ENABLE_OBJC_WEAK = YES;
				CLANG_WARN_BLOCK_CAPTURE_AUTORELEASING = YES;
				CLANG_WARN_BOOL_CONVERSION = YES;
				CLANG_WARN_COMMA = YES;
				CLANG_WARN_CONSTANT_CONVERSION = YES;
				CLANG_WARN_DEPRECATED_OBJC_IMPLEMENTATIONS = YES;
				CLANG_WARN_DIRECT_OBJC_ISA_USAGE = YES_ERROR;
				CLANG_WARN_DOCUMENTATION_COMMENTS = YES;
				CLANG_WARN_EMPTY_BODY = YES;
				CLANG_WARN_ENUM_CONVERSION = YES;
				CLANG_WARN_INFINITE_RECURSION = YES;
				CLANG_WARN_INT_CONVERSION = YES;
				CLANG_WARN_NON_LITERAL_NULL_CONVERSION = YES;
				CLANG_WARN_OBJC_IMPLICIT_RETAIN_SELF = YES;
				CLANG_WARN_OBJC_LITERAL_CONVERSION = YES;
				CLANG_WARN_OBJC_ROOT_CLASS = YES_ERROR;
				CLANG_WARN_QUOTED_INCLUDE_IN_FRAMEWORK_HEADER = YES;
				CLANG_WARN_RANGE_LOOP_ANALYSIS = YES;
				CLANG_WARN_STRICT_PROTOTYPES = YES;
				CLANG_WARN_SUSPICIOUS_MOVE = YES;
				CLANG_WARN_UNGUARDED_AVAILABILITY = YES_AGGRESSIVE;
				CLANG_WARN_UNREACHABLE_CODE = YES;
				CLANG_WARN__DUPLICATE_METHOD_MATCH = YES;
				COPY_PHASE_STRIP = NO;
				DEBUG_INFORMATION_FORMAT = dwarf;
				ENABLE_STRICT_OBJC_MSGSEND = YES;
				ENABLE_TESTABILITY = YES;
				GCC_C_LANGUAGE_STANDARD = gnu11;
				GCC_DYNAMIC_NO_PIC = NO;
				GCC_NO_COMMON_BLOCKS = YES;
				GCC_OPTIMIZATION_LEVEL = 0;
				GCC_PREPROCESSOR_DEFINITIONS = (
					"DEBUG=1",
					"$(inherited)",
				);
				GCC_WARN_64_TO_32_BIT_CONVERSION = YES;
				GCC_WARN_ABOUT_RETURN_TYPE = YES_ERROR;
				GCC_WARN_UNDECLARED_SELECTOR = YES;
				GCC_WARN_UNINITIALIZED_AUTOS = YES_AGGRESSIVE;
				GCC_WARN_UNUSED_FUNCTION = YES;
				GCC_WARN_UNUSED_VARIABLE = YES;
				IPHONEOS_DEPLOYMENT_TARGET = 15.2;
				MTL_ENABLE_DEBUG_INFO = INCLUDE_SOURCE;
				MTL_FAST_MATH = YES;
				ONLY_ACTIVE_ARCH = YES;
				SDKROOT = iphoneos;
				SWIFT_ACTIVE_COMPILATION_CONDITIONS = DEBUG;
				SWIFT_OPTIMIZATION_LEVEL = "-Onone";
			};
			name = Debug;
		};
		8398212027C6C2E9002451CE /* Release */ = {
			isa = XCBuildConfiguration;
			buildSettings = {
				ALWAYS_SEARCH_USER_PATHS = NO;
				CLANG_ANALYZER_NONNULL = YES;
				CLANG_ANALYZER_NUMBER_OBJECT_CONVERSION = YES_AGGRESSIVE;
				CLANG_CXX_LANGUAGE_STANDARD = "gnu++17";
				CLANG_CXX_LIBRARY = "libc++";
				CLANG_ENABLE_MODULES = YES;
				CLANG_ENABLE_OBJC_ARC = YES;
				CLANG_ENABLE_OBJC_WEAK = YES;
				CLANG_WARN_BLOCK_CAPTURE_AUTORELEASING = YES;
				CLANG_WARN_BOOL_CONVERSION = YES;
				CLANG_WARN_COMMA = YES;
				CLANG_WARN_CONSTANT_CONVERSION = YES;
				CLANG_WARN_DEPRECATED_OBJC_IMPLEMENTATIONS = YES;
				CLANG_WARN_DIRECT_OBJC_ISA_USAGE = YES_ERROR;
				CLANG_WARN_DOCUMENTATION_COMMENTS = YES;
				CLANG_WARN_EMPTY_BODY = YES;
				CLANG_WARN_ENUM_CONVERSION = YES;
				CLANG_WARN_INFINITE_RECURSION = YES;
				CLANG_WARN_INT_CONVERSION = YES;
				CLANG_WARN_NON_LITERAL_NULL_CONVERSION = YES;
				CLANG_WARN_OBJC_IMPLICIT_RETAIN_SELF = YES;
				CLANG_WARN_OBJC_LITERAL_CONVERSION = YES;
				CLANG_WARN_OBJC_ROOT_CLASS = YES_ERROR;
				CLANG_WARN_QUOTED_INCLUDE_IN_FRAMEWORK_HEADER = YES;
				CLANG_WARN_RANGE_LOOP_ANALYSIS = YES;
				CLANG_WARN_STRICT_PROTOTYPES = YES;
				CLANG_WARN_SUSPICIOUS_MOVE = YES;
				CLANG_WARN_UNGUARDED_AVAILABILITY = YES_AGGRESSIVE;
				CLANG_WARN_UNREACHABLE_CODE = YES;
				CLANG_WARN__DUPLICATE_METHOD_MATCH = YES;
				COPY_PHASE_STRIP = NO;
				DEBUG_INFORMATION_FORMAT = "dwarf-with-dsym";
				ENABLE_NS_ASSERTIONS = NO;
				ENABLE_STRICT_OBJC_MSGSEND = YES;
				GCC_C_LANGUAGE_STANDARD = gnu11;
				GCC_NO_COMMON_BLOCKS = YES;
				GCC_WARN_64_TO_32_BIT_CONVERSION = YES;
				GCC_WARN_ABOUT_RETURN_TYPE = YES_ERROR;
				GCC_WARN_UNDECLARED_SELECTOR = YES;
				GCC_WARN_UNINITIALIZED_AUTOS = YES_AGGRESSIVE;
				GCC_WARN_UNUSED_FUNCTION = YES;
				GCC_WARN_UNUSED_VARIABLE = YES;
				IPHONEOS_DEPLOYMENT_TARGET = 15.2;
				MTL_ENABLE_DEBUG_INFO = NO;
				MTL_FAST_MATH = YES;
				SDKROOT = iphoneos;
				SWIFT_COMPILATION_MODE = wholemodule;
				SWIFT_OPTIMIZATION_LEVEL = "-O";
				VALIDATE_PRODUCT = YES;
			};
			name = Release;
		};
		8398212227C6C2E9002451CE /* Debug */ = {
			isa = XCBuildConfiguration;
			buildSettings = {
				ASSETCATALOG_COMPILER_APPICON_NAME = AppIcon;
				ASSETCATALOG_COMPILER_GLOBAL_ACCENT_COLOR_NAME = AccentColor;
				CODE_SIGN_STYLE = Automatic;
				CURRENT_PROJECT_VERSION = 1;
				DEVELOPMENT_TEAM = 357Q5QMU3A;
				GENERATE_INFOPLIST_FILE = YES;
				INFOPLIST_FILE = OpenTmdb/Info.plist;
				INFOPLIST_KEY_UIApplicationSupportsIndirectInputEvents = YES;
				INFOPLIST_KEY_UILaunchStoryboardName = LaunchScreen;
				INFOPLIST_KEY_UIMainStoryboardFile = Main;
				INFOPLIST_KEY_UISupportedInterfaceOrientations_iPad = "UIInterfaceOrientationPortrait UIInterfaceOrientationPortraitUpsideDown UIInterfaceOrientationLandscapeLeft UIInterfaceOrientationLandscapeRight";
				INFOPLIST_KEY_UISupportedInterfaceOrientations_iPhone = "UIInterfaceOrientationPortrait UIInterfaceOrientationLandscapeLeft UIInterfaceOrientationLandscapeRight";
				IPHONEOS_DEPLOYMENT_TARGET = 12.0;
				LD_RUNPATH_SEARCH_PATHS = (
					"$(inherited)",
					"@executable_path/Frameworks",
				);
				MARKETING_VERSION = 1.0;
				PRODUCT_BUNDLE_IDENTIFIER = com.personal.OpenTmdb;
				PRODUCT_NAME = "$(TARGET_NAME)";
				SWIFT_EMIT_LOC_STRINGS = YES;
				SWIFT_VERSION = 5.0;
				TARGETED_DEVICE_FAMILY = "1,2";
			};
			name = Debug;
		};
		8398212327C6C2E9002451CE /* Release */ = {
			isa = XCBuildConfiguration;
			buildSettings = {
				ASSETCATALOG_COMPILER_APPICON_NAME = AppIcon;
				ASSETCATALOG_COMPILER_GLOBAL_ACCENT_COLOR_NAME = AccentColor;
				CODE_SIGN_STYLE = Automatic;
				CURRENT_PROJECT_VERSION = 1;
				DEVELOPMENT_TEAM = 357Q5QMU3A;
				GENERATE_INFOPLIST_FILE = YES;
				INFOPLIST_FILE = OpenTmdb/Info.plist;
				INFOPLIST_KEY_UIApplicationSupportsIndirectInputEvents = YES;
				INFOPLIST_KEY_UILaunchStoryboardName = LaunchScreen;
				INFOPLIST_KEY_UIMainStoryboardFile = Main;
				INFOPLIST_KEY_UISupportedInterfaceOrientations_iPad = "UIInterfaceOrientationPortrait UIInterfaceOrientationPortraitUpsideDown UIInterfaceOrientationLandscapeLeft UIInterfaceOrientationLandscapeRight";
				INFOPLIST_KEY_UISupportedInterfaceOrientations_iPhone = "UIInterfaceOrientationPortrait UIInterfaceOrientationLandscapeLeft UIInterfaceOrientationLandscapeRight";
				IPHONEOS_DEPLOYMENT_TARGET = 12.0;
				LD_RUNPATH_SEARCH_PATHS = (
					"$(inherited)",
					"@executable_path/Frameworks",
				);
				MARKETING_VERSION = 1.0;
				PRODUCT_BUNDLE_IDENTIFIER = com.personal.OpenTmdb;
				PRODUCT_NAME = "$(TARGET_NAME)";
				SWIFT_EMIT_LOC_STRINGS = YES;
				SWIFT_VERSION = 5.0;
				TARGETED_DEVICE_FAMILY = "1,2";
			};
			name = Release;
		};
/* End XCBuildConfiguration section */

/* Begin XCConfigurationList section */
		8398210827C6C2DD002451CE /* Build configuration list for PBXProject "OpenTmdb" */ = {
			isa = XCConfigurationList;
			buildConfigurations = (
				8398211F27C6C2E9002451CE /* Debug */,
				8398212027C6C2E9002451CE /* Release */,
			);
			defaultConfigurationIsVisible = 0;
			defaultConfigurationName = Release;
		};
		8398212127C6C2E9002451CE /* Build configuration list for PBXNativeTarget "OpenTmdb" */ = {
			isa = XCConfigurationList;
			buildConfigurations = (
				8398212227C6C2E9002451CE /* Debug */,
				8398212327C6C2E9002451CE /* Release */,
			);
			defaultConfigurationIsVisible = 0;
			defaultConfigurationName = Release;
		};
/* End XCConfigurationList section */
	};
	rootObject = 8398210527C6C2DD002451CE /* Project object */;
}
